
Microsoft Visual Studio Solution File, Format Version 12.00
# Visual Studio Version 16
VisualStudioVersion = 16.0.29519.181
MinimumVisualStudioVersion = 10.0.40219.1
Project("{FAE04EC0-301F-11D3-BF4B-00C04F79EFBC}") = "WindowsFormsApp2", "WindowsFormsApp2\WindowsFormsApp2.csproj", "{B1AF89FA-D155-48F0-A43F-BBEECA9F51A5}"
EndProject
Global
	GlobalSection(SolutionConfigurationPlatforms) = preSolution
		Debug|Any CPU = Debug|Any CPU
		Release|Any CPU = Release|Any CPU
	EndGlobalSection
	GlobalSection(ProjectConfigurationPlatforms) = postSolution
		{B1AF89FA-D155-48F0-A43F-BBEECA9F51A5}.Debug|Any CPU.ActiveCfg = Debug|Any CPU
		{B1AF89FA-D155-48F0-A43F-BBEECA9F51A5}.Debug|Any CPU.Build.0 = Debug|Any CPU
		{B1AF89FA-D155-48F0-A43F-BBEECA9F51A5}.Release|Any CPU.ActiveCfg = Release|Any CPU
		{B1AF89FA-D155-48F0-A43F-BBEECA9F51A5}.Release|Any CPU.Build.0 = Release|Any CPU
	EndGlobalSection
	GlobalSection(SolutionProperties) = preSolution
		HideSolutionNode = FALSE
	EndGlobalSection
	GlobalSection(ExtensibilityGlobals) = postSolution
		SolutionGuid = {3A9D6026-5203-4954-8F92-3F9D392A537C}
	EndGlobalSection
EndGlobal
