
Microsoft Visual Studio Solution File, Format Version 12.00
# Visual Studio Version 16
VisualStudioVersion = 16.0.30204.135
MinimumVisualStudioVersion = 10.0.40219.1
Project("{FAE04EC0-301F-11D3-BF4B-00C04F79EFBC}") = "AV7", "AV7\AV7.csproj", "{179DD7A5-7097-4426-91E5-88C89818BFF4}"
EndProject
Global
	GlobalSection(SolutionConfigurationPlatforms) = preSolution
		Debug|Any CPU = Debug|Any CPU
		Release|Any CPU = Release|Any CPU
	EndGlobalSection
	GlobalSection(ProjectConfigurationPlatforms) = postSolution
		{179DD7A5-7097-4426-91E5-88C89818BFF4}.Debug|Any CPU.ActiveCfg = Debug|Any CPU
		{179DD7A5-7097-4426-91E5-88C89818BFF4}.Debug|Any CPU.Build.0 = Debug|Any CPU
		{179DD7A5-7097-4426-91E5-88C89818BFF4}.Release|Any CPU.ActiveCfg = Release|Any CPU
		{179DD7A5-7097-4426-91E5-88C89818BFF4}.Release|Any CPU.Build.0 = Release|Any CPU
	EndGlobalSection
	GlobalSection(SolutionProperties) = preSolution
		HideSolutionNode = FALSE
	EndGlobalSection
	GlobalSection(ExtensibilityGlobals) = postSolution
		SolutionGuid = {FCBEE39F-C4DE-4A60-BFD9-F65196D8FDB4}
	EndGlobalSection
EndGlobal
