
Microsoft Visual Studio Solution File, Format Version 12.00
# Visual Studio Version 16
VisualStudioVersion = 16.0.30320.27
MinimumVisualStudioVersion = 10.0.40219.1
Project("{FAE04EC0-301F-11D3-BF4B-00C04F79EFBC}") = "Studenti", "Studenti\Studenti.csproj", "{36CCFBCD-07D0-430B-9F2F-65C9C78DD633}"
EndProject
Global
	GlobalSection(SolutionConfigurationPlatforms) = preSolution
		Debug|Any CPU = Debug|Any CPU
		Release|Any CPU = Release|Any CPU
	EndGlobalSection
	GlobalSection(ProjectConfigurationPlatforms) = postSolution
		{36CCFBCD-07D0-430B-9F2F-65C9C78DD633}.Debug|Any CPU.ActiveCfg = Debug|Any CPU
		{36CCFBCD-07D0-430B-9F2F-65C9C78DD633}.Debug|Any CPU.Build.0 = Debug|Any CPU
		{36CCFBCD-07D0-430B-9F2F-65C9C78DD633}.Release|Any CPU.ActiveCfg = Release|Any CPU
		{36CCFBCD-07D0-430B-9F2F-65C9C78DD633}.Release|Any CPU.Build.0 = Release|Any CPU
	EndGlobalSection
	GlobalSection(SolutionProperties) = preSolution
		HideSolutionNode = FALSE
	EndGlobalSection
	GlobalSection(ExtensibilityGlobals) = postSolution
		SolutionGuid = {30D97321-8B01-49BE-9EDF-0330F235D3B1}
	EndGlobalSection
EndGlobal
