
Microsoft Visual Studio Solution File, Format Version 12.00
# Visual Studio Version 16
VisualStudioVersion = 16.0.30204.135
MinimumVisualStudioVersion = 10.0.40219.1
Project("{FAE04EC0-301F-11D3-BF4B-00C04F79EFBC}") = "Busses", "Busses\Busses.csproj", "{D728E1D4-C78C-4425-885F-C586B6749B04}"
EndProject
Global
	GlobalSection(SolutionConfigurationPlatforms) = preSolution
		Debug|Any CPU = Debug|Any CPU
		Release|Any CPU = Release|Any CPU
	EndGlobalSection
	GlobalSection(ProjectConfigurationPlatforms) = postSolution
		{D728E1D4-C78C-4425-885F-C586B6749B04}.Debug|Any CPU.ActiveCfg = Debug|Any CPU
		{D728E1D4-C78C-4425-885F-C586B6749B04}.Debug|Any CPU.Build.0 = Debug|Any CPU
		{D728E1D4-C78C-4425-885F-C586B6749B04}.Release|Any CPU.ActiveCfg = Release|Any CPU
		{D728E1D4-C78C-4425-885F-C586B6749B04}.Release|Any CPU.Build.0 = Release|Any CPU
	EndGlobalSection
	GlobalSection(SolutionProperties) = preSolution
		HideSolutionNode = FALSE
	EndGlobalSection
	GlobalSection(ExtensibilityGlobals) = postSolution
		SolutionGuid = {15CA2508-AC5A-442F-AA52-077BE6DF939A}
	EndGlobalSection
EndGlobal
