
Microsoft Visual Studio Solution File, Format Version 12.00
# Visual Studio Version 16
VisualStudioVersion = 16.0.30204.135
MinimumVisualStudioVersion = 10.0.40219.1
Project("{FAE04EC0-301F-11D3-BF4B-00C04F79EFBC}") = "Lab9 - Serijalizacija", "Lab9 - Serijalizacija\Lab9 - Serijalizacija.csproj", "{C2A73BE3-9891-4255-BB70-60FED1F2BDDD}"
EndProject
Global
	GlobalSection(SolutionConfigurationPlatforms) = preSolution
		Debug|Any CPU = Debug|Any CPU
		Release|Any CPU = Release|Any CPU
	EndGlobalSection
	GlobalSection(ProjectConfigurationPlatforms) = postSolution
		{C2A73BE3-9891-4255-BB70-60FED1F2BDDD}.Debug|Any CPU.ActiveCfg = Debug|Any CPU
		{C2A73BE3-9891-4255-BB70-60FED1F2BDDD}.Debug|Any CPU.Build.0 = Debug|Any CPU
		{C2A73BE3-9891-4255-BB70-60FED1F2BDDD}.Release|Any CPU.ActiveCfg = Release|Any CPU
		{C2A73BE3-9891-4255-BB70-60FED1F2BDDD}.Release|Any CPU.Build.0 = Release|Any CPU
	EndGlobalSection
	GlobalSection(SolutionProperties) = preSolution
		HideSolutionNode = FALSE
	EndGlobalSection
	GlobalSection(ExtensibilityGlobals) = postSolution
		SolutionGuid = {7FE99560-D3F4-4F6B-AEBB-97A78B17D458}
	EndGlobalSection
EndGlobal
