
Microsoft Visual Studio Solution File, Format Version 12.00
# Visual Studio Version 16
VisualStudioVersion = 16.0.30320.27
MinimumVisualStudioVersion = 10.0.40219.1
Project("{FAE04EC0-301F-11D3-BF4B-00C04F79EFBC}") = "CrniDupki", "CrniDupki\CrniDupki.csproj", "{BD899429-9DC0-4CA0-9520-6FA5B04E0E93}"
EndProject
Global
	GlobalSection(SolutionConfigurationPlatforms) = preSolution
		Debug|Any CPU = Debug|Any CPU
		Release|Any CPU = Release|Any CPU
	EndGlobalSection
	GlobalSection(ProjectConfigurationPlatforms) = postSolution
		{BD899429-9DC0-4CA0-9520-6FA5B04E0E93}.Debug|Any CPU.ActiveCfg = Debug|Any CPU
		{BD899429-9DC0-4CA0-9520-6FA5B04E0E93}.Debug|Any CPU.Build.0 = Debug|Any CPU
		{BD899429-9DC0-4CA0-9520-6FA5B04E0E93}.Release|Any CPU.ActiveCfg = Release|Any CPU
		{BD899429-9DC0-4CA0-9520-6FA5B04E0E93}.Release|Any CPU.Build.0 = Release|Any CPU
	EndGlobalSection
	GlobalSection(SolutionProperties) = preSolution
		HideSolutionNode = FALSE
	EndGlobalSection
	GlobalSection(ExtensibilityGlobals) = postSolution
		SolutionGuid = {9D855B9C-57ED-466C-A739-39EF892B784A}
	EndGlobalSection
EndGlobal
